
Microsoft Visual Studio Solution File, Format Version 12.00
# Visual Studio 15
VisualStudioVersion = 15.0.28307.757
MinimumVisualStudioVersion = 10.0.40219.1
Project("{FAE04EC0-301F-11D3-BF4B-00C04F79EFBC}") = "Rebound", "Rebound\Rebound.csproj", "{8249FA32-F00E-4277-A6A3-018C832FC497}"
EndProject
Global
	GlobalSection(SolutionConfigurationPlatforms) = preSolution
		Debug|Any CPU = Debug|Any CPU
		Release|Any CPU = Release|Any CPU
	EndGlobalSection
	GlobalSection(ProjectConfigurationPlatforms) = postSolution
		{8249FA32-F00E-4277-A6A3-018C832FC497}.Debug|Any CPU.ActiveCfg = Debug|Any CPU
		{8249FA32-F00E-4277-A6A3-018C832FC497}.Debug|Any CPU.Build.0 = Debug|Any CPU
		{8249FA32-F00E-4277-A6A3-018C832FC497}.Release|Any CPU.ActiveCfg = Release|Any CPU
		{8249FA32-F00E-4277-A6A3-018C832FC497}.Release|Any CPU.Build.0 = Release|Any CPU
	EndGlobalSection
	GlobalSection(SolutionProperties) = preSolution
		HideSolutionNode = FALSE
	EndGlobalSection
	GlobalSection(ExtensibilityGlobals) = postSolution
		SolutionGuid = {B26F5318-9119-47B4-8414-FFF876F61D9A}
	EndGlobalSection
EndGlobal
